PATH
  remote: .
  specs:
    charsi (0.1.3)
      filewatcher (~> 3.0)
      logger (~> 1.6)
      tailwindcss-ruby (~> 4.1)
      terser (~> 1.2)
      tilt (~> 2.6)
      webrick (~> 1.9)

GEM
  remote: https://rubygems.org/
  specs:
    execjs (2.10.0)
    filewatcher (3.0.1)
      logger (~> 1.7)
      module_methods (~> 1.0)
    logger (1.7.0)
    module_methods (1.0.0)
    rake (13.3.1)
    tailwindcss-ruby (4.2.1)
    tailwindcss-ruby (4.2.1-aarch64-linux-gnu)
    tailwindcss-ruby (4.2.1-aarch64-linux-musl)
    tailwindcss-ruby (4.2.1-arm64-darwin)
    tailwindcss-ruby (4.2.1-x86_64-darwin)
    tailwindcss-ruby (4.2.1-x86_64-linux-gnu)
    tailwindcss-ruby (4.2.1-x86_64-linux-musl)
    terser (1.2.6)
      execjs (>= 0.3.0, < 3)
    tilt (2.7.0)
    webrick (1.9.2)

PLATFORMS
  aarch64-linux-gnu
  aarch64-linux-musl
  arm64-darwin
  ruby
  x86_64-darwin
  x86_64-linux-gnu
  x86_64-linux-musl

DEPENDENCIES
  charsi!
  filewatcher (~> 3.0)
  rake (~> 13.0)
  tailwindcss-ruby (~> 4.1)
  terser (~> 1.2)
  tilt (~> 2.6)

CHECKSUMS
  charsi (0.1.3)
  execjs (2.10.0) sha256=6bcb8be8f0052ff9d370b65d1c080f2406656e150452a0abdb185a133048450d
  filewatcher (3.0.1) sha256=b0f51e568cf112f72392053ae5ff5afa267592489091ee9f93c20fc275597f5a
  logger (1.7.0) sha256=196edec7cc44b66cfb40f9755ce11b392f21f7967696af15d274dde7edff0203
  module_methods (1.0.0) sha256=92f28a9254b8c1a7f4e68aa52242ecabdac3343ce41909aac3fcc3bf2ac8ec5e
  rake (13.3.1) sha256=8c9e89d09f66a26a01264e7e3480ec0607f0c497a861ef16063604b1b08eb19c
  tailwindcss-ruby (4.2.1) sha256=95886a1e24b42d76792c787d34e47098b53cb3b5a6363845bca4486f52b2e66a
  tailwindcss-ruby (4.2.1-aarch64-linux-gnu) sha256=de457ddfc999c6bbbe1a59fbc11eb2168d619f6e0cb72d8d3334d372b331e36f
  tailwindcss-ruby (4.2.1-aarch64-linux-musl) sha256=e6ed27704263201f8366316354aa45f9016cc9378ce8fac46fbbe65fafd4da5e
  tailwindcss-ruby (4.2.1-arm64-darwin) sha256=bcf222fb8542cf5433925623e5e7b257897fbb8291a2350daae870a32f2eeb91
  tailwindcss-ruby (4.2.1-x86_64-darwin) sha256=b737b84f80941628d03c703b31abb204151b9d0a494d58ed06fd8220a5162f1b
  tailwindcss-ruby (4.2.1-x86_64-linux-gnu) sha256=201d0e5e5d4aba52cae4ee4bd1acd497d2790c83e7f15da964aab8ec93876831
  tailwindcss-ruby (4.2.1-x86_64-linux-musl) sha256=79fa48ad51e533545f9fdbb04227e1342a65a42c2bd1314118b95473d5612007
  terser (1.2.6) sha256=6ddf00b93df7015b07e2b9b149e74cd70fa7aa4f0f89a15d9922a6ebd13f37ab
  tilt (2.7.0) sha256=0d5b9ba69f6a36490c64b0eee9f6e9aad517e20dcc848800a06eb116f08c6ab3
  webrick (1.9.2) sha256=beb4a15fc474defed24a3bda4ffd88a490d517c9e4e6118c3edce59e45864131

BUNDLED WITH
  4.0.3
