PATH
  remote: .
  specs:
    charsi (0.1.0)
      filewatcher (~> 2.1)
      logger (~> 1.6)
      tailwindcss-ruby (~> 4.1)
      terser (~> 1.2)
      tilt (~> 2.6)

GEM
  remote: https://rubygems.org/
  specs:
    execjs (2.10.0)
    filewatcher (2.1.0)
      module_methods (~> 0.1.0)
    logger (1.7.0)
    module_methods (0.1.0)
    rake (13.3.0)
    tailwindcss-ruby (4.1.11-x86_64-linux-gnu)
    terser (1.2.6)
      execjs (>= 0.3.0, < 3)
    tilt (2.6.1)

PLATFORMS
  x86_64-linux

DEPENDENCIES
  charsi!
  filewatcher (~> 2.0)
  rake (~> 13.0)
  tailwindcss-ruby (~> 4.1)
  terser (~> 1.2)
  tilt (~> 2.6)

BUNDLED WITH
   2.6.9
